{
    "name": "Chipception",
    "lockfileVersion": 3,
    "requires": true,
    "packages": {
        "": {
            "name": "Chipception",
            "devDependencies": {
                "@chipcode/fonts": "^0.1.2",
                "@chipcode/octopus": "file:../chipcode/octopus"
            }
        },
        "../chipcode/octopus": {
            "name": "@chipcode/octopus",
            "version": "0.3.5",
            "dev": true,
            "license": "GPLv3",
            "bin": {
                "octopus": "index.js"
            },
            "devDependencies": {
                "colors": "^1.4.0",
                "diff": "^5.1.0"
            }
        },
        "node_modules/@chipcode/fonts": {
            "version": "0.1.2",
            "resolved": "https://registry.npmjs.org/@chipcode/fonts/-/fonts-0.1.2.tgz",
            "integrity": "sha512-bq274QR8pX+yO1oydXyOeBNWcSlox6dGNh+GiHhGuJ3BLsW5MhoMPhjYjXuxEZnMRNY4SvGuTolXp2bISWQrQw==",
            "dev": true
        },
        "node_modules/@chipcode/octopus": {
            "resolved": "../chipcode/octopus",
            "link": true
        }
    }
}
