{
    "name": "Chipception",
    "lockfileVersion": 3,
    "requires": true,
    "packages": {
        "": {
            "name": "Chipception",
            "devDependencies": {
                "@chipcode/fonts": "^0.1.2",
                "@chipcode/octopus": "file:../chipcode/octopus",
                "octo-assembler": "^0.1.4"
            }
        },
        "../chipcode/octopus": {
            "name": "@chipcode/octopus",
            "version": "0.3.5",
            "dev": true,
            "license": "GPLv3",
            "bin": {
                "octopus": "index.js"
            },
            "devDependencies": {
                "colors": "^1.4.0",
                "diff": "^5.1.0"
            }
        },
        "node_modules/@chipcode/fonts": {
            "version": "0.1.2",
            "resolved": "https://registry.npmjs.org/@chipcode/fonts/-/fonts-0.1.2.tgz",
            "integrity": "sha512-bq274QR8pX+yO1oydXyOeBNWcSlox6dGNh+GiHhGuJ3BLsW5MhoMPhjYjXuxEZnMRNY4SvGuTolXp2bISWQrQw==",
            "dev": true
        },
        "node_modules/@chipcode/octopus": {
            "resolved": "../chipcode/octopus",
            "link": true
        },
        "node_modules/octo-assembler": {
            "version": "0.1.4",
            "resolved": "https://registry.npmjs.org/octo-assembler/-/octo-assembler-0.1.4.tgz",
            "integrity": "sha512-a9CFtYHmdqPKe3t3dwSnt2OiS1+s9ozbqUW12a3IH5Y1w4ZDeDsGR+hyFDtODr++HfLYV2LMGvzJxj4AePKeNQ==",
            "deprecated": "WARNING: This project has been renamed to @chipcode/octo-assembler. Install using @chipcode/octo-assembler instead.",
            "dev": true,
            "bin": {
                "octo": "octo/octo"
            }
        }
    }
}
